
Microsoft Visual Studio Solution File, Format Version 12.00
# Visual Studio Version 17
VisualStudioVersion = 17.11.35222.181
MinimumVisualStudioVersion = 10.0.40219.1
Project("{FAE04EC0-301F-11D3-BF4B-00C04F79EFBC}") = "Proyecto1", "Proyecto1\Proyecto1.csproj", "{110142AC-6947-4642-B23D-8EFEA61A6103}"
EndProject
Project("{FAE04EC0-301F-11D3-BF4B-00C04F79EFBC}") = "Proyecto2", "Proyecto2\Proyecto2.csproj", "{6AB0BB4B-0A95-4C9A-8D0D-AD5F1FBBB675}"
EndProject
Global
	GlobalSection(SolutionConfigurationPlatforms) = preSolution
		Debug|Any CPU = Debug|Any CPU
		Release|Any CPU = Release|Any CPU
	EndGlobalSection
	GlobalSection(ProjectConfigurationPlatforms) = postSolution
		{110142AC-6947-4642-B23D-8EFEA61A6103}.Debug|Any CPU.ActiveCfg = Debug|Any CPU
		{110142AC-6947-4642-B23D-8EFEA61A6103}.Debug|Any CPU.Build.0 = Debug|Any CPU
		{110142AC-6947-4642-B23D-8EFEA61A6103}.Release|Any CPU.ActiveCfg = Release|Any CPU
		{110142AC-6947-4642-B23D-8EFEA61A6103}.Release|Any CPU.Build.0 = Release|Any CPU
		{6AB0BB4B-0A95-4C9A-8D0D-AD5F1FBBB675}.Debug|Any CPU.ActiveCfg = Debug|Any CPU
		{6AB0BB4B-0A95-4C9A-8D0D-AD5F1FBBB675}.Debug|Any CPU.Build.0 = Debug|Any CPU
		{6AB0BB4B-0A95-4C9A-8D0D-AD5F1FBBB675}.Release|Any CPU.ActiveCfg = Release|Any CPU
		{6AB0BB4B-0A95-4C9A-8D0D-AD5F1FBBB675}.Release|Any CPU.Build.0 = Release|Any CPU
	EndGlobalSection
	GlobalSection(SolutionProperties) = preSolution
		HideSolutionNode = FALSE
	EndGlobalSection
	GlobalSection(ExtensibilityGlobals) = postSolution
		SolutionGuid = {5A12888F-B341-49B2-AA30-FA0837F80A56}
	EndGlobalSection
EndGlobal
